
Microsoft Visual Studio Solution File, Format Version 12.00
# Visual Studio Version 17
VisualStudioVersion = 17.12.35527.113
MinimumVisualStudioVersion = 10.0.40219.1
Project("{FAE04EC0-301F-11D3-BF4B-00C04F79EFBC}") = "Contacts - WinForms", "Contacts - WinForms.csproj", "{53CA3170-AC42-4F90-BC1C-D9A199213A8F}"
EndProject
Project("{FAE04EC0-301F-11D3-BF4B-00C04F79EFBC}") = "ContactsDataAccessLayer", "..\..\..\C-Sharp-Learning-Path\C# & Database Connectivity (ADO.NET)\Contacts Project on 3 Tier Architecture - Console App\ContactsDataAccessLayer\ContactsDataAccessLayer.csproj", "{C5A8D186-7307-4BBE-A56D-25ECE7F2EA9B}"
EndProject
Project("{FAE04EC0-301F-11D3-BF4B-00C04F79EFBC}") = "ContactsBusinessLayer", "..\..\..\C-Sharp-Learning-Path\C# & Database Connectivity (ADO.NET)\Contacts Project on 3 Tier Architecture - Console App\ContactsBusinessLayer\ContactsBusinessLayer.csproj", "{358BB63B-DD2B-40D6-BA90-E0150BD3B6E2}"
EndProject
Global
	GlobalSection(SolutionConfigurationPlatforms) = preSolution
		Debug|Any CPU = Debug|Any CPU
		Release|Any CPU = Release|Any CPU
	EndGlobalSection
	GlobalSection(ProjectConfigurationPlatforms) = postSolution
		{53CA3170-AC42-4F90-BC1C-D9A199213A8F}.Debug|Any CPU.ActiveCfg = Debug|Any CPU
		{53CA3170-AC42-4F90-BC1C-D9A199213A8F}.Debug|Any CPU.Build.0 = Debug|Any CPU
		{53CA3170-AC42-4F90-BC1C-D9A199213A8F}.Release|Any CPU.ActiveCfg = Release|Any CPU
		{53CA3170-AC42-4F90-BC1C-D9A199213A8F}.Release|Any CPU.Build.0 = Release|Any CPU
		{C5A8D186-7307-4BBE-A56D-25ECE7F2EA9B}.Debug|Any CPU.ActiveCfg = Debug|Any CPU
		{C5A8D186-7307-4BBE-A56D-25ECE7F2EA9B}.Debug|Any CPU.Build.0 = Debug|Any CPU
		{C5A8D186-7307-4BBE-A56D-25ECE7F2EA9B}.Release|Any CPU.ActiveCfg = Release|Any CPU
		{C5A8D186-7307-4BBE-A56D-25ECE7F2EA9B}.Release|Any CPU.Build.0 = Release|Any CPU
		{358BB63B-DD2B-40D6-BA90-E0150BD3B6E2}.Debug|Any CPU.ActiveCfg = Debug|Any CPU
		{358BB63B-DD2B-40D6-BA90-E0150BD3B6E2}.Debug|Any CPU.Build.0 = Debug|Any CPU
		{358BB63B-DD2B-40D6-BA90-E0150BD3B6E2}.Release|Any CPU.ActiveCfg = Release|Any CPU
		{358BB63B-DD2B-40D6-BA90-E0150BD3B6E2}.Release|Any CPU.Build.0 = Release|Any CPU
	EndGlobalSection
	GlobalSection(SolutionProperties) = preSolution
		HideSolutionNode = FALSE
	EndGlobalSection
EndGlobal
