
Microsoft Visual Studio Solution File, Format Version 12.00
# Visual Studio Version 17
VisualStudioVersion = 17.12.35527.113 d17.12
MinimumVisualStudioVersion = 10.0.40219.1
Project("{FAE04EC0-301F-11D3-BF4B-00C04F79EFBC}") = "IN_Operator__Delete_Multiple_Contacts_", "IN_Operator__Delete_Multiple_Contacts_.csproj", "{BBEC53C4-6EF1-4353-AB77-59C03FE78F4C}"
EndProject
Global
	GlobalSection(SolutionConfigurationPlatforms) = preSolution
		Debug|Any CPU = Debug|Any CPU
		Release|Any CPU = Release|Any CPU
	EndGlobalSection
	GlobalSection(ProjectConfigurationPlatforms) = postSolution
		{BBEC53C4-6EF1-4353-AB77-59C03FE78F4C}.Debug|Any CPU.ActiveCfg = Debug|Any CPU
		{BBEC53C4-6EF1-4353-AB77-59C03FE78F4C}.Debug|Any CPU.Build.0 = Debug|Any CPU
		{BBEC53C4-6EF1-4353-AB77-59C03FE78F4C}.Release|Any CPU.ActiveCfg = Release|Any CPU
		{BBEC53C4-6EF1-4353-AB77-59C03FE78F4C}.Release|Any CPU.Build.0 = Release|Any CPU
	EndGlobalSection
	GlobalSection(SolutionProperties) = preSolution
		HideSolutionNode = FALSE
	EndGlobalSection
EndGlobal
