
Microsoft Visual Studio Solution File, Format Version 12.00
# Visual Studio Version 17
VisualStudioVersion = 17.12.35527.113 d17.12
MinimumVisualStudioVersion = 10.0.40219.1
Project("{FAE04EC0-301F-11D3-BF4B-00C04F79EFBC}") = "Datatable Example 4 (Sorting)", "Datatable Example 4 (Sorting).csproj", "{B457F6A5-88F4-460D-A67D-5B7847AC3E9C}"
EndProject
Global
	GlobalSection(SolutionConfigurationPlatforms) = preSolution
		Debug|Any CPU = Debug|Any CPU
		Release|Any CPU = Release|Any CPU
	EndGlobalSection
	GlobalSection(ProjectConfigurationPlatforms) = postSolution
		{B457F6A5-88F4-460D-A67D-5B7847AC3E9C}.Debug|Any CPU.ActiveCfg = Debug|Any CPU
		{B457F6A5-88F4-460D-A67D-5B7847AC3E9C}.Debug|Any CPU.Build.0 = Debug|Any CPU
		{B457F6A5-88F4-460D-A67D-5B7847AC3E9C}.Release|Any CPU.ActiveCfg = Release|Any CPU
		{B457F6A5-88F4-460D-A67D-5B7847AC3E9C}.Release|Any CPU.Build.0 = Release|Any CPU
	EndGlobalSection
	GlobalSection(SolutionProperties) = preSolution
		HideSolutionNode = FALSE
	EndGlobalSection
EndGlobal
