
Microsoft Visual Studio Solution File, Format Version 12.00
# Visual Studio Version 17
VisualStudioVersion = 17.12.35527.113 d17.12
MinimumVisualStudioVersion = 10.0.40219.1
Project("{FAE04EC0-301F-11D3-BF4B-00C04F79EFBC}") = "Method Overriding in C_Sharp Inheritance And Base Keyword", "Method Overriding in C_Sharp Inheritance And Base Keyword.csproj", "{21CB9B8D-F66B-4EE5-9561-0EB57F88BECF}"
EndProject
Global
	GlobalSection(SolutionConfigurationPlatforms) = preSolution
		Debug|Any CPU = Debug|Any CPU
		Release|Any CPU = Release|Any CPU
	EndGlobalSection
	GlobalSection(ProjectConfigurationPlatforms) = postSolution
		{21CB9B8D-F66B-4EE5-9561-0EB57F88BECF}.Debug|Any CPU.ActiveCfg = Debug|Any CPU
		{21CB9B8D-F66B-4EE5-9561-0EB57F88BECF}.Debug|Any CPU.Build.0 = Debug|Any CPU
		{21CB9B8D-F66B-4EE5-9561-0EB57F88BECF}.Release|Any CPU.ActiveCfg = Release|Any CPU
		{21CB9B8D-F66B-4EE5-9561-0EB57F88BECF}.Release|Any CPU.Build.0 = Release|Any CPU
	EndGlobalSection
	GlobalSection(SolutionProperties) = preSolution
		HideSolutionNode = FALSE
	EndGlobalSection
EndGlobal
